// !$*UTF8*$!
{
	archiveVersion = 1;
	classes = {
	};
	objectVersion = 48;
	objects = {

/* Begin PBXBuildFile section */
		040C553B245C9B5300DE1A90 /* AppDelegate.swift in Sources */ = {isa = PBXBuildFile; fileRef = 040C553A245C9B5300DE1A90 /* AppDelegate.swift */; };
		040C553D245C9B5300DE1A90 /* ViewController.swift in Sources */ = {isa = PBXBuildFile; fileRef = 040C553C245C9B5300DE1A90 /* ViewController.swift */; };
		040C5540245C9B5300DE1A90 /* Main.storyboard in Resources */ = {isa = PBXBuildFile; fileRef = 040C553E245C9B5300DE1A90 /* Main.storyboard */; };
		040C5542245C9B5300DE1A90 /* Assets.xcassets in Resources */ = {isa = PBXBuildFile; fileRef = 040C5541245C9B5300DE1A90 /* Assets.xcassets */; };
		040C5545245C9B5300DE1A90 /* LaunchScreen.storyboard in Resources */ = {isa = PBXBuildFile; fileRef = 040C5543245C9B5300DE1A90 /* LaunchScreen.storyboard */; };
/* End PBXBuildFile section */

/* Begin PBXFileReference section */
		040C5537245C9B5300DE1A90 /* GamePaperAndScissorRock.app */ = {isa = PBXFileReference; explicitFileType = wrapper.application; includeInIndex = 0; path = GamePaperAndScissorRock.app; sourceTree = BUILT_PRODUCTS_DIR; };
		040C553A245C9B5300DE1A90 /* AppDelegate.swift */ = {isa = PBXFileReference; lastKnownFileType = sourcecode.swift; path = AppDelegate.swift; sourceTree = "<group>"; };
		040C553C245C9B5300DE1A90 /* ViewController.swift */ = {isa = PBXFileReference; lastKnownFileType = sourcecode.swift; path = ViewController.swift; sourceTree = "<group>"; };
		040C553F245C9B5300DE1A90 /* Base */ = {isa = PBXFileReference; lastKnownFileType = file.storyboard; name = Base; path = Base.lproj/Main.storyboard; sourceTree = "<group>"; };
		040C5541245C9B5300DE1A90 /* Assets.xcassets */ = {isa = PBXFileReference; lastKnownFileType = folder.assetcatalog; path = Assets.xcassets; sourceTree = "<group>"; };
		040C5544245C9B5300DE1A90 /* Base */ = {isa = PBXFileReference; lastKnownFileType = file.storyboard; name = Base; path = Base.lproj/LaunchScreen.storyboard; sourceTree = "<group>"; };
		040C5546245C9B5300DE1A90 /* Info.plist */ = {isa = PBXFileReference; lastKnownFileType = text.plist.xml; path = Info.plist; sourceTree = "<group>"; };
/* End PBXFileReference section */

/* Begin PBXFrameworksBuildPhase section */
		040C5534245C9B5300DE1A90 /* Frameworks */ = {
			isa = PBXFrameworksBuildPhase;
			buildActionMask = 2147483647;
			files = (
			);
			runOnlyForDeploymentPostprocessing = 0;
		};
/* End PBXFrameworksBuildPhase section */

/* Begin PBXGroup section */
		040C552E245C9B5300DE1A90 = {
			isa = PBXGroup;
			children = (
				040C5539245C9B5300DE1A90 /* GamePaperAndScissorRock */,
				040C5538245C9B5300DE1A90 /* Products */,
			);
			sourceTree = "<group>";
		};
		040C5538245C9B5300DE1A90 /* Products */ = {
			isa = PBXGroup;
			children = (
				040C5537245C9B5300DE1A90 /* GamePaperAndScissorRock.app */,
			);
			name = Products;
			sourceTree = "<group>";
		};
		040C5539245C9B5300DE1A90 /* GamePaperAndScissorRock */ = {
			isa = PBXGroup;
			children = (
				040C553A245C9B5300DE1A90 /* AppDelegate.swift */,
				040C553C245C9B5300DE1A90 /* ViewController.swift */,
				040C553E245C9B5300DE1A90 /* Main.storyboard */,
				040C5541245C9B5300DE1A90 /* Assets.xcassets */,
				040C5543245C9B5300DE1A90 /* LaunchScreen.storyboard */,
				040C5546245C9B5300DE1A90 /* Info.plist */,
			);
			path = GamePaperAndScissorRock;
			sourceTree = "<group>";
		};
/* End PBXGroup section */

/* Begin PBXNativeTarget section */
		040C5536245C9B5300DE1A90 /* GamePaperAndScissorRock */ = {
			isa = PBXNativeTarget;
			buildConfigurationList = 040C5549245C9B5300DE1A90 /* Build configuration list for PBXNativeTarget "GamePaperAndScissorRock" */;
			buildPhases = (
				040C5533245C9B5300DE1A90 /* Sources */,
				040C5534245C9B5300DE1A90 /* Frameworks */,
				040C5535245C9B5300DE1A90 /* Resources */,
			);
			buildRules = (
			);
			dependencies = (
			);
			name = GamePaperAndScissorRock;
			productName = GamePaperAndScissorRock;
			productReference = 040C5537245C9B5300DE1A90 /* GamePaperAndScissorRock.app */;
			productType = "com.apple.product-type.application";
		};
/* End PBXNativeTarget section */

/* Begin PBXProject section */
		040C552F245C9B5300DE1A90 /* Project object */ = {
			isa = PBXProject;
			attributes = {
				LastSwiftUpdateCheck = 0920;
				LastUpgradeCheck = 0920;
				ORGANIZATIONNAME = MAC;
				TargetAttributes = {
					040C5536245C9B5300DE1A90 = {
						CreatedOnToolsVersion = 9.2;
						ProvisioningStyle = Automatic;
					};
				};
			};
			buildConfigurationList = 040C5532245C9B5300DE1A90 /* Build configuration list for PBXProject "GamePaperAndScissorRock" */;
			compatibilityVersion = "Xcode 8.0";
			developmentRegion = en;
			hasScannedForEncodings = 0;
			knownRegions = (
				en,
				Base,
			);
			mainGroup = 040C552E245C9B5300DE1A90;
			productRefGroup = 040C5538245C9B5300DE1A90 /* Products */;
			projectDirPath = "";
			projectRoot = "";
			targets = (
				040C5536245C9B5300DE1A90 /* GamePaperAndScissorRock */,
			);
		};
/* End PBXProject section */

/* Begin PBXResourcesBuildPhase section */
		040C5535245C9B5300DE1A90 /* Resources */ = {
			isa = PBXResourcesBuildPhase;
			buildActionMask = 2147483647;
			files = (
				040C5545245C9B5300DE1A90 /* LaunchScreen.storyboard in Resources */,
				040C5542245C9B5300DE1A90 /* Assets.xcassets in Resources */,
				040C5540245C9B5300DE1A90 /* Main.storyboard in Resources */,
			);
			runOnlyForDeploymentPostprocessing = 0;
		};
/* End PBXResourcesBuildPhase section */

/* Begin PBXSourcesBuildPhase section */
		040C5533245C9B5300DE1A90 /* Sources */ = {
			isa = PBXSourcesBuildPhase;
			buildActionMask = 2147483647;
			files = (
				040C553D245C9B5300DE1A90 /* ViewController.swift in Sources */,
				040C553B245C9B5300DE1A90 /* AppDelegate.swift in Sources */,
			);
			runOnlyForDeploymentPostprocessing = 0;
		};
/* End PBXSourcesBuildPhase section */

/* Begin PBXVariantGroup section */
		040C553E245C9B5300DE1A90 /* Main.storyboard */ = {
			isa = PBXVariantGroup;
			children = (
				040C553F245C9B5300DE1A90 /* Base */,
			);
			name = Main.storyboard;
			sourceTree = "<group>";
		};
		040C5543245C9B5300DE1A90 /* LaunchScreen.storyboard */ = {
			isa = PBXVariantGroup;
			children = (
				040C5544245C9B5300DE1A90 /* Base */,
			);
			name = LaunchScreen.storyboard;
			sourceTree = "<group>";
		};
/* End PBXVariantGroup section */

/* Begin XCBuildConfiguration section */
		040C5547245C9B5300DE1A90 /* Debug */ = {
			isa = XCBuildConfiguration;
			buildSettings = {
				ALWAYS_SEARCH_USER_PATHS = NO;
				CLANG_ANALYZER_NONNULL = YES;
				CLANG_ANALYZER_NUMBER_OBJECT_CONVERSION = YES_AGGRESSIVE;
				CLANG_CXX_LANGUAGE_STANDARD = "gnu++14";
				CLANG_CXX_LIBRARY = "libc++";
				CLANG_ENABLE_MODULES = YES;
				CLANG_ENABLE_OBJC_ARC = YES;
				CLANG_WARN_BLOCK_CAPTURE_AUTORELEASING = YES;
				CLANG_WARN_BOOL_CONVERSION = YES;
				CLANG_WARN_COMMA = YES;
				CLANG_WARN_CONSTANT_CONVERSION = YES;
				CLANG_WARN_DIRECT_OBJC_ISA_USAGE = YES_ERROR;
				CLANG_WARN_DOCUMENTATION_COMMENTS = YES;
				CLANG_WARN_EMPTY_BODY = YES;
				CLANG_WARN_ENUM_CONVERSION = YES;
				CLANG_WARN_INFINITE_RECURSION = YES;
				CLANG_WARN_INT_CONVERSION = YES;
				CLANG_WARN_NON_LITERAL_NULL_CONVERSION = YES;
				CLANG_WARN_OBJC_LITERAL_CONVERSION = YES;
				CLANG_WARN_OBJC_ROOT_CLASS = YES_ERROR;
				CLANG_WARN_RANGE_LOOP_ANALYSIS = YES;
				CLANG_WARN_STRICT_PROTOTYPES = YES;
				CLANG_WARN_SUSPICIOUS_MOVE = YES;
				CLANG_WARN_UNGUARDED_AVAILABILITY = YES_AGGRESSIVE;
				CLANG_WARN_UNREACHABLE_CODE = YES;
				CLANG_WARN__DUPLICATE_METHOD_MATCH = YES;
				CODE_SIGN_IDENTITY = "iPhone Developer";
				COPY_PHASE_STRIP = NO;
				DEBUG_INFORMATION_FORMAT = dwarf;
				ENABLE_STRICT_OBJC_MSGSEND = YES;
				ENABLE_TESTABILITY = YES;
				GCC_C_LANGUAGE_STANDARD = gnu11;
				GCC_DYNAMIC_NO_PIC = NO;
				GCC_NO_COMMON_BLOCKS = YES;
				GCC_OPTIMIZATION_LEVEL = 0;
				GCC_PREPROCESSOR_DEFINITIONS = (
					"DEBUG=1",
					"$(inherited)",
				);
				GCC_WARN_64_TO_32_BIT_CONVERSION = YES;
				GCC_WARN_ABOUT_RETURN_TYPE = YES_ERROR;
				GCC_WARN_UNDECLARED_SELECTOR = YES;
				GCC_WARN_UNINITIALIZED_AUTOS = YES_AGGRESSIVE;
				GCC_WARN_UNUSED_FUNCTION = YES;
				GCC_WARN_UNUSED_VARIABLE = YES;
				IPHONEOS_DEPLOYMENT_TARGET = 11.2;
				MTL_ENABLE_DEBUG_INFO = YES;
				ONLY_ACTIVE_ARCH = YES;
				SDKROOT = iphoneos;
				SWIFT_ACTIVE_COMPILATION_CONDITIONS = DEBUG;
				SWIFT_OPTIMIZATION_LEVEL = "-Onone";
			};
			name = Debug;
		};
		040C5548245C9B5300DE1A90 /* Release */ = {
			isa = XCBuildConfiguration;
			buildSettings = {
				ALWAYS_SEARCH_USER_PATHS = NO;
				CLANG_ANALYZER_NONNULL = YES;
				CLANG_ANALYZER_NUMBER_OBJECT_CONVERSION = YES_AGGRESSIVE;
				CLANG_CXX_LANGUAGE_STANDARD = "gnu++14";
				CLANG_CXX_LIBRARY = "libc++";
				CLANG_ENABLE_MODULES = YES;
				CLANG_ENABLE_OBJC_ARC = YES;
				CLANG_WARN_BLOCK_CAPTURE_AUTORELEASING = YES;
				CLANG_WARN_BOOL_CONVERSION = YES;
				CLANG_WARN_COMMA = YES;
				CLANG_WARN_CONSTANT_CONVERSION = YES;
				CLANG_WARN_DIRECT_OBJC_ISA_USAGE = YES_ERROR;
				CLANG_WARN_DOCUMENTATION_COMMENTS = YES;
				CLANG_WARN_EMPTY_BODY = YES;
				CLANG_WARN_ENUM_CONVERSION = YES;
				CLANG_WARN_INFINITE_RECURSION = YES;
				CLANG_WARN_INT_CONVERSION = YES;
				CLANG_WARN_NON_LITERAL_NULL_CONVERSION = YES;
				CLANG_WARN_OBJC_LITERAL_CONVERSION = YES;
				CLANG_WARN_OBJC_ROOT_CLASS = YES_ERROR;
				CLANG_WARN_RANGE_LOOP_ANALYSIS = YES;
				CLANG_WARN_STRICT_PROTOTYPES = YES;
				CLANG_WARN_SUSPICIOUS_MOVE = YES;
				CLANG_WARN_UNGUARDED_AVAILABILITY = YES_AGGRESSIVE;
				CLANG_WARN_UNREACHABLE_CODE = YES;
				CLANG_WARN__DUPLICATE_METHOD_MATCH = YES;
				CODE_SIGN_IDENTITY = "iPhone Developer";
				COPY_PHASE_STRIP = NO;
				DEBUG_INFORMATION_FORMAT = "dwarf-with-dsym";
				ENABLE_NS_ASSERTIONS = NO;
				ENABLE_STRICT_OBJC_MSGSEND = YES;
				GCC_C_LANGUAGE_STANDARD = gnu11;
				GCC_NO_COMMON_BLOCKS = YES;
				GCC_WARN_64_TO_32_BIT_CONVERSION = YES;
				GCC_WARN_ABOUT_RETURN_TYPE = YES_ERROR;
				GCC_WARN_UNDECLARED_SELECTOR = YES;
				GCC_WARN_UNINITIALIZED_AUTOS = YES_AGGRESSIVE;
				GCC_WARN_UNUSED_FUNCTION = YES;
				GCC_WARN_UNUSED_VARIABLE = YES;
				IPHONEOS_DEPLOYMENT_TARGET = 11.2;
				MTL_ENABLE_DEBUG_INFO = NO;
				SDKROOT = iphoneos;
				SWIFT_OPTIMIZATION_LEVEL = "-Owholemodule";
				VALIDATE_PRODUCT = YES;
			};
			name = Release;
		};
		040C554A245C9B5300DE1A90 /* Debug */ = {
			isa = XCBuildConfiguration;
			buildSettings = {
				ASSETCATALOG_COMPILER_APPICON_NAME = AppIcon;
				CODE_SIGN_STYLE = Automatic;
				INFOPLIST_FILE = GamePaperAndScissorRock/Info.plist;
				LD_RUNPATH_SEARCH_PATHS = "$(inherited) @executable_path/Frameworks";
				PRODUCT_BUNDLE_IDENTIFIER = FrancoMAC.GamePaperAndScissorRock;
				PRODUCT_NAME = "$(TARGET_NAME)";
				SWIFT_VERSION = 4.0;
				TARGETED_DEVICE_FAMILY = "1,2";
			};
			name = Debug;
		};
		040C554B245C9B5300DE1A90 /* Release */ = {
			isa = XCBuildConfiguration;
			buildSettings = {
				ASSETCATALOG_COMPILER_APPICON_NAME = AppIcon;
				CODE_SIGN_STYLE = Automatic;
				INFOPLIST_FILE = GamePaperAndScissorRock/Info.plist;
				LD_RUNPATH_SEARCH_PATHS = "$(inherited) @executable_path/Frameworks";
				PRODUCT_BUNDLE_IDENTIFIER = FrancoMAC.GamePaperAndScissorRock;
				PRODUCT_NAME = "$(TARGET_NAME)";
				SWIFT_VERSION = 4.0;
				TARGETED_DEVICE_FAMILY = "1,2";
			};
			name = Release;
		};
/* End XCBuildConfiguration section */

/* Begin XCConfigurationList section */
		040C5532245C9B5300DE1A90 /* Build configuration list for PBXProject "GamePaperAndScissorRock" */ = {
			isa = XCConfigurationList;
			buildConfigurations = (
				040C5547245C9B5300DE1A90 /* Debug */,
				040C5548245C9B5300DE1A90 /* Release */,
			);
			defaultConfigurationIsVisible = 0;
			defaultConfigurationName = Release;
		};
		040C5549245C9B5300DE1A90 /* Build configuration list for PBXNativeTarget "GamePaperAndScissorRock" */ = {
			isa = XCConfigurationList;
			buildConfigurations = (
				040C554A245C9B5300DE1A90 /* Debug */,
				040C554B245C9B5300DE1A90 /* Release */,
			);
			defaultConfigurationIsVisible = 0;
			defaultConfigurationName = Release;
		};
/* End XCConfigurationList section */
	};
	rootObject = 040C552F245C9B5300DE1A90 /* Project object */;
}
